
Microsoft Visual Studio Solution File, Format Version 12.00
# Visual Studio Version 17
VisualStudioVersion = 17.6.33829.357
MinimumVisualStudioVersion = 10.0.40219.1
Project("{FAE04EC0-301F-11D3-BF4B-00C04F79EFBC}") = "Collections", "Collections\Collections.csproj", "{30A34F62-799D-4330-911C-77CA81D3B42C}"
EndProject
Global
	GlobalSection(SolutionConfigurationPlatforms) = preSolution
		Debug|Any CPU = Debug|Any CPU
		Release|Any CPU = Release|Any CPU
	EndGlobalSection
	GlobalSection(ProjectConfigurationPlatforms) = postSolution
		{30A34F62-799D-4330-911C-77CA81D3B42C}.Debug|Any CPU.ActiveCfg = Debug|Any CPU
		{30A34F62-799D-4330-911C-77CA81D3B42C}.Debug|Any CPU.Build.0 = Debug|Any CPU
		{30A34F62-799D-4330-911C-77CA81D3B42C}.Release|Any CPU.ActiveCfg = Release|Any CPU
		{30A34F62-799D-4330-911C-77CA81D3B42C}.Release|Any CPU.Build.0 = Release|Any CPU
	EndGlobalSection
	GlobalSection(SolutionProperties) = preSolution
		HideSolutionNode = FALSE
	EndGlobalSection
	GlobalSection(ExtensibilityGlobals) = postSolution
		SolutionGuid = {4B3344C6-6113-4758-A5E9-2B69DA1B75B8}
	EndGlobalSection
EndGlobal
